# This file is autogenerated, do not edit; changes may be undone by the next 'dep ensure'.


[[projects]]
  branch = "master"
  name = "github.com/Fs02/go-paranoid"
  packages = ["."]
  revision = "ab50069def7d4ec973f1ebd67541b3e311ea66df"

[[projects]]
  branch = "master"
  name = "github.com/Fs02/grimoire"
  packages = [
    ".",
    "adapter/mysql",
    "adapter/sql",
    "c",
    "changeset",
    "errors",
    "internal"
  ]
  revision = "77eb2daf614a99a9a98a396296070981e06d4edb"

[[projects]]
  branch = "master"
  name = "github.com/azer/snakecase"
  packages = ["."]
  revision = "c818dddafb5c91bd13275f49b08e38a489cbef5f"

[[projects]]
  name = "github.com/go-chi/chi"
  packages = ["."]
  revision = "e83ac2304db3c50cf03d96a2fcd39009d458bc35"
  version = "v3.3.2"

[[projects]]
  name = "github.com/go-chi/cors"
  packages = ["."]
  revision = "dba6525398619dead495962a916728e7ee2ca322"
  version = "v1.0.0"

[[projects]]
  name = "github.com/go-sql-driver/mysql"
  packages = ["."]
  revision = "a0583e0143b1624142adab07e0e97fe106d99561"
  version = "v1.3.0"

[solve-meta]
  analyzer-name = "dep"
  analyzer-version = 1
  inputs-digest = "55d2670e020294452808eaa8a60efc7629a6749b1d34f65e9d38d7ef53a5a542"
  solver-name = "gps-cdcl"
  solver-version = 1
