# This file is autogenerated, do not edit; changes may be undone by the next 'dep ensure'.


[[projects]]
  branch = "master"
  digest = "1:36cf6bea956351026b25720e840d94662e19b96f3d35b7c3bb0cd2d777e17535"
  name = "github.com/Fs02/go-paranoid"
  packages = ["."]
  pruneopts = "UT"
  revision = "ab50069def7d4ec973f1ebd67541b3e311ea66df"

[[projects]]
  branch = "master"
  digest = "1:eb40c18f22139bf22b1d3f4ec5e6f9f715f42570ecc70969202f1679c2faaf66"
  name = "github.com/Fs02/grimoire"
  packages = [
    ".",
    "adapter/mysql",
    "adapter/sql",
    "c",
    "changeset",
    "errors",
    "internal",
    "params",
  ]
  pruneopts = "UT"
  revision = "43243580c77d07984ac52588732cb121d3ab3009"

[[projects]]
  branch = "master"
  digest = "1:6d030baec6dd4a8fbc671920e1b84103439c57ca28f83356d9bce4b8fa4b0ea0"
  name = "github.com/azer/snakecase"
  packages = ["."]
  pruneopts = "UT"
  revision = "c818dddafb5c91bd13275f49b08e38a489cbef5f"

[[projects]]
  digest = "1:66ddebb274faa160a4a23394a17ad3c8e15fee9bf5408d13f77d22b61bc7f072"
  name = "github.com/go-chi/chi"
  packages = ["."]
  pruneopts = "UT"
  revision = "e83ac2304db3c50cf03d96a2fcd39009d458bc35"
  version = "v3.3.2"

[[projects]]
  digest = "1:dfa416a1bb8139f30832543340f972f65c0db9932034cb6a1b42c5ac615a3fb8"
  name = "github.com/go-chi/cors"
  packages = ["."]
  pruneopts = "UT"
  revision = "dba6525398619dead495962a916728e7ee2ca322"
  version = "v1.0.0"

[[projects]]
  digest = "1:850c49ca338a10fec2cb9e78f793043ed23965489d09e30bcc19fe29719da313"
  name = "github.com/go-sql-driver/mysql"
  packages = ["."]
  pruneopts = "UT"
  revision = "a0583e0143b1624142adab07e0e97fe106d99561"
  version = "v1.3.0"

[[projects]]
  digest = "1:2cab41f59638fdb77dda96ab4f9b5860ef30f48967557254eba127e43c756f2e"
  name = "github.com/tidwall/gjson"
  packages = ["."]
  pruneopts = "UT"
  revision = "1e3f6aeaa5bad08d777ea7807b279a07885dd8b2"
  version = "v1.1.3"

[[projects]]
  branch = "master"
  digest = "1:d3f968e2a2c9f8506ed44b01b605ade0176ba6cf73ff679073e77cfdef2c0d55"
  name = "github.com/tidwall/match"
  packages = ["."]
  pruneopts = "UT"
  revision = "1731857f09b1f38450e2c12409748407822dc6be"

[solve-meta]
  analyzer-name = "dep"
  analyzer-version = 1
  input-imports = [
    "github.com/Fs02/grimoire",
    "github.com/Fs02/grimoire/adapter/mysql",
    "github.com/Fs02/grimoire/c",
    "github.com/Fs02/grimoire/changeset",
    "github.com/Fs02/grimoire/errors",
    "github.com/go-chi/chi",
    "github.com/go-chi/cors",
  ]
  solver-name = "gps-cdcl"
  solver-version = 1
